
Microsoft Visual Studio Solution File, Format Version 12.00
# Visual Studio Version 17
VisualStudioVersion = 17.8.34330.188
MinimumVisualStudioVersion = 10.0.40219.1
Project("{FAE04EC0-301F-11D3-BF4B-00C04F79EFBC}") = "Baiko_PrivateAds", "Baiko_PrivateAds\Baiko_PrivateAds.csproj", "{FCB33D37-F668-4D98-9759-904DB9C77F9A}"
EndProject
Global
	GlobalSection(SolutionConfigurationPlatforms) = preSolution
		Debug|Any CPU = Debug|Any CPU
		Release|Any CPU = Release|Any CPU
	EndGlobalSection
	GlobalSection(ProjectConfigurationPlatforms) = postSolution
		{FCB33D37-F668-4D98-9759-904DB9C77F9A}.Debug|Any CPU.ActiveCfg = Debug|Any CPU
		{FCB33D37-F668-4D98-9759-904DB9C77F9A}.Debug|Any CPU.Build.0 = Debug|Any CPU
		{FCB33D37-F668-4D98-9759-904DB9C77F9A}.Release|Any CPU.ActiveCfg = Release|Any CPU
		{FCB33D37-F668-4D98-9759-904DB9C77F9A}.Release|Any CPU.Build.0 = Release|Any CPU
	EndGlobalSection
	GlobalSection(SolutionProperties) = preSolution
		HideSolutionNode = FALSE
	EndGlobalSection
	GlobalSection(ExtensibilityGlobals) = postSolution
		SolutionGuid = {3442DDBF-EBB9-4DF1-9EE7-CEC42A22665A}
	EndGlobalSection
EndGlobal
